{
  "nodes": {
    "nixpkgs": {
      "locked": {
        "lastModified": 1661617163,
        "narHash": "sha256-NN9Ky47j8ohgPhA9JZyfkYIbbAo6RJkGz+7h8/exVpE=",
        "owner": "NixOS",
        "repo": "nixpkgs",
        "rev": "0ba2543f8c855d7be8e90ef6c8dc89c1617e8a08",
        "type": "github"
      },
      "original": {
        "owner": "NixOS",
        "ref": "nixos-22.05",
        "repo": "nixpkgs",
        "type": "github"
      }
    },
    "root": {
      "inputs": {
        "nixpkgs": "nixpkgs",
        "utils": "utils",
        "zicross": "zicross"
      }
    },
    "utils": {
      "locked": {
        "lastModified": 1656928814,
        "narHash": "sha256-RIFfgBuKz6Hp89yRr7+NR5tzIAbn52h8vT6vXkYjZoM=",
        "owner": "numtide",
        "repo": "flake-utils",
        "rev": "7e2a3b3dfd9af950a856d66b0a7d01e3c18aa249",
        "type": "github"
      },
      "original": {
        "owner": "numtide",
        "repo": "flake-utils",
        "type": "github"
      }
    },
    "zicross": {
      "locked": {
        "lastModified": 1661699434,
        "narHash": "sha256-bkMUUSOMSZmGIH/dAZXUcZteGl1sGvpDJMsDYWzP+tk=",
        "type": "git",
        "url": "file:///Users/flyx/Projects/Zicross"
      },
      "original": {
        "owner": "flyx",
        "repo": "Zicross",
        "type": "github"
      }
    }
  },
  "root": "root",
  "version": 7
}
